
Microsoft Visual Studio Solution File, Format Version 12.00
# Visual Studio Version 16
VisualStudioVersion = 16.0.29613.14
MinimumVisualStudioVersion = 10.0.40219.1
Project("{FAE04EC0-301F-11D3-BF4B-00C04F79EFBC}") = "KizhiPart1", "KizhiPart1.csproj", "{3B4F4D46-F211-4069-91FD-9A45968CE116}"
EndProject
Global
	GlobalSection(SolutionConfigurationPlatforms) = preSolution
		Debug|Any CPU = Debug|Any CPU
		Release|Any CPU = Release|Any CPU
	EndGlobalSection
	GlobalSection(ProjectConfigurationPlatforms) = postSolution
		{3B4F4D46-F211-4069-91FD-9A45968CE116}.Debug|Any CPU.ActiveCfg = Debug|Any CPU
		{3B4F4D46-F211-4069-91FD-9A45968CE116}.Debug|Any CPU.Build.0 = Debug|Any CPU
		{3B4F4D46-F211-4069-91FD-9A45968CE116}.Release|Any CPU.ActiveCfg = Release|Any CPU
		{3B4F4D46-F211-4069-91FD-9A45968CE116}.Release|Any CPU.Build.0 = Release|Any CPU
	EndGlobalSection
	GlobalSection(SolutionProperties) = preSolution
		HideSolutionNode = FALSE
	EndGlobalSection
	GlobalSection(ExtensibilityGlobals) = postSolution
		SolutionGuid = {2484D604-FC3D-4744-8F7F-3DFD326D07A8}
	EndGlobalSection
EndGlobal
